
Microsoft Visual Studio Solution File, Format Version 12.00
# Visual Studio Version 16
VisualStudioVersion = 16.0.30330.147
MinimumVisualStudioVersion = 10.0.40219.1
Project("{9A19103F-16F7-4668-BE54-9A1E7A4F7556}") = "GoDollar", "GoDollar\GoDollar.csproj", "{79477E22-0015-4542-85B2-3FFAD96FD53B}"
EndProject
Project("{FAE04EC0-301F-11D3-BF4B-00C04F79EFBC}") = "GoDollarLibrary", "GoDollarLibrary\GoDollarLibrary.csproj", "{FC82490C-336F-452E-8060-C906C4EF6E47}"
EndProject
Global
	GlobalSection(SolutionConfigurationPlatforms) = preSolution
		Debug|Any CPU = Debug|Any CPU
		Release|Any CPU = Release|Any CPU
	EndGlobalSection
	GlobalSection(ProjectConfigurationPlatforms) = postSolution
		{79477E22-0015-4542-85B2-3FFAD96FD53B}.Debug|Any CPU.ActiveCfg = Debug|Any CPU
		{79477E22-0015-4542-85B2-3FFAD96FD53B}.Debug|Any CPU.Build.0 = Debug|Any CPU
		{79477E22-0015-4542-85B2-3FFAD96FD53B}.Release|Any CPU.ActiveCfg = Release|Any CPU
		{79477E22-0015-4542-85B2-3FFAD96FD53B}.Release|Any CPU.Build.0 = Release|Any CPU
		{FC82490C-336F-452E-8060-C906C4EF6E47}.Debug|Any CPU.ActiveCfg = Debug|Any CPU
		{FC82490C-336F-452E-8060-C906C4EF6E47}.Debug|Any CPU.Build.0 = Debug|Any CPU
		{FC82490C-336F-452E-8060-C906C4EF6E47}.Release|Any CPU.ActiveCfg = Release|Any CPU
		{FC82490C-336F-452E-8060-C906C4EF6E47}.Release|Any CPU.Build.0 = Release|Any CPU
	EndGlobalSection
	GlobalSection(SolutionProperties) = preSolution
		HideSolutionNode = FALSE
	EndGlobalSection
	GlobalSection(ExtensibilityGlobals) = postSolution
		SolutionGuid = {ABEE0270-9A96-4DEF-83F6-93FD502759E6}
	EndGlobalSection
EndGlobal
